# This file was autogenerated by Stack.
# You should not edit this file by hand.
# For more information, please see the documentation at:
#   https://docs.haskellstack.org/en/stable/lock_files

packages:
- completed:
    hackage: net-mqtt-0.2.4.1@sha256:4282bea3a7868519195d6a2159bf44ca7cae57017ef8c239ce4a50e18e742535,2758
    pantry-tree:
      size: 558
      sha256: ca33e4634a3dc984bf04d54b760845dd2c4223fe734d103ba999333dc270a27d
  original:
    hackage: net-mqtt-0.2.4.1@sha256:4282bea3a7868519195d6a2159bf44ca7cae57017ef8c239ce4a50e18e742535,2758
snapshots:
- completed:
    size: 499889
    url: https://raw.githubusercontent.com/commercialhaskell/stackage-snapshots/master/lts/13/26.yaml
    sha256: ecb02ee16829df8d7219e7d7fe6c310819820bf335b0b9534bce84d3ea896684
  original: lts-13.26
